
Microsoft Visual Studio Solution File, Format Version 12.00
# Visual Studio 14
VisualStudioVersion = 14.0.25420.1
MinimumVisualStudioVersion = 10.0.40219.1
Project("{FAE04EC0-301F-11D3-BF4B-00C04F79EFBC}") = "DemoCalculatorClient", "DemoCalculatorClient\DemoCalculatorClient.csproj", "{7D886A50-CF53-4B5C-8EA0-5213B5935607}"
EndProject
Project("{FAE04EC0-301F-11D3-BF4B-00C04F79EFBC}") = "DemoCalculatorClient.Test", "DemoCalculatorClient.Test\DemoCalculatorClient.Test.csproj", "{7917C187-7F2C-41A5-ACEF-DC92C93A80AE}"
EndProject
Global
	GlobalSection(SolutionConfigurationPlatforms) = preSolution
		Debug|Any CPU = Debug|Any CPU
		Release|Any CPU = Release|Any CPU
	EndGlobalSection
	GlobalSection(ProjectConfigurationPlatforms) = postSolution
		{7D886A50-CF53-4B5C-8EA0-5213B5935607}.Debug|Any CPU.ActiveCfg = Debug|Any CPU
		{7D886A50-CF53-4B5C-8EA0-5213B5935607}.Debug|Any CPU.Build.0 = Debug|Any CPU
		{7D886A50-CF53-4B5C-8EA0-5213B5935607}.Release|Any CPU.ActiveCfg = Release|Any CPU
		{7D886A50-CF53-4B5C-8EA0-5213B5935607}.Release|Any CPU.Build.0 = Release|Any CPU
		{7917C187-7F2C-41A5-ACEF-DC92C93A80AE}.Debug|Any CPU.ActiveCfg = Debug|Any CPU
		{7917C187-7F2C-41A5-ACEF-DC92C93A80AE}.Debug|Any CPU.Build.0 = Debug|Any CPU
		{7917C187-7F2C-41A5-ACEF-DC92C93A80AE}.Release|Any CPU.ActiveCfg = Release|Any CPU
		{7917C187-7F2C-41A5-ACEF-DC92C93A80AE}.Release|Any CPU.Build.0 = Release|Any CPU
	EndGlobalSection
	GlobalSection(SolutionProperties) = preSolution
		HideSolutionNode = FALSE
	EndGlobalSection
EndGlobal
